// !$*UTF8*$!
{
	archiveVersion = 1;
	classes = {
	};
	objectVersion = 46;
	objects = {

/* Begin PBXBuildFile section */
		4D25F4378FB88595955EB427 /* libPods-SynchronizedCounter.a in Frameworks */ = {isa = PBXBuildFile; fileRef = 7CBBE77C14E4DEE067C2119F /* libPods-SynchronizedCounter.a */; };
		D99D8F061D5E589800E9C279 /* main.m in Sources */ = {isa = PBXBuildFile; fileRef = D99D8F051D5E589800E9C279 /* main.m */; };
		D99D8F091D5E589800E9C279 /* AppDelegate.m in Sources */ = {isa = PBXBuildFile; fileRef = D99D8F081D5E589800E9C279 /* AppDelegate.m */; };
		D99D8F0C1D5E589800E9C279 /* ViewController.m in Sources */ = {isa = PBXBuildFile; fileRef = D99D8F0B1D5E589800E9C279 /* ViewController.m */; };
		D99D8F0F1D5E589800E9C279 /* Main.storyboard in Resources */ = {isa = PBXBuildFile; fileRef = D99D8F0D1D5E589800E9C279 /* Main.storyboard */; };
		D99D8F111D5E589800E9C279 /* Assets.xcassets in Resources */ = {isa = PBXBuildFile; fileRef = D99D8F101D5E589800E9C279 /* Assets.xcassets */; };
		D99D8F141D5E589800E9C279 /* LaunchScreen.storyboard in Resources */ = {isa = PBXBuildFile; fileRef = D99D8F121D5E589800E9C279 /* LaunchScreen.storyboard */; };
/* End PBXBuildFile section */

/* Begin PBXFileReference section */
		7CBBE77C14E4DEE067C2119F /* libPods-SynchronizedCounter.a */ = {isa = PBXFileReference; explicitFileType = archive.ar; includeInIndex = 0; path = "libPods-SynchronizedCounter.a"; sourceTree = BUILT_PRODUCTS_DIR; };
		D99D8F011D5E589800E9C279 /* SynchronizedCounter.app */ = {isa = PBXFileReference; explicitFileType = wrapper.application; includeInIndex = 0; path = SynchronizedCounter.app; sourceTree = BUILT_PRODUCTS_DIR; };
		D99D8F051D5E589800E9C279 /* main.m */ = {isa = PBXFileReference; lastKnownFileType = sourcecode.c.objc; path = main.m; sourceTree = "<group>"; };
		D99D8F071D5E589800E9C279 /* AppDelegate.h */ = {isa = PBXFileReference; lastKnownFileType = sourcecode.c.h; path = AppDelegate.h; sourceTree = "<group>"; };
		D99D8F081D5E589800E9C279 /* AppDelegate.m */ = {isa = PBXFileReference; lastKnownFileType = sourcecode.c.objc; path = AppDelegate.m; sourceTree = "<group>"; };
		D99D8F0A1D5E589800E9C279 /* ViewController.h */ = {isa = PBXFileReference; lastKnownFileType = sourcecode.c.h; path = ViewController.h; sourceTree = "<group>"; };
		D99D8F0B1D5E589800E9C279 /* ViewController.m */ = {isa = PBXFileReference; lastKnownFileType = sourcecode.c.objc; path = ViewController.m; sourceTree = "<group>"; };
		D99D8F0E1D5E589800E9C279 /* Base */ = {isa = PBXFileReference; lastKnownFileType = file.storyboard; name = Base; path = Base.lproj/Main.storyboard; sourceTree = "<group>"; };
		D99D8F101D5E589800E9C279 /* Assets.xcassets */ = {isa = PBXFileReference; lastKnownFileType = folder.assetcatalog; path = Assets.xcassets; sourceTree = "<group>"; };
		D99D8F131D5E589800E9C279 /* Base */ = {isa = PBXFileReference; lastKnownFileType = file.storyboard; name = Base; path = Base.lproj/LaunchScreen.storyboard; sourceTree = "<group>"; };
		D99D8F151D5E589800E9C279 /* Info.plist */ = {isa = PBXFileReference; lastKnownFileType = text.plist.xml; path = Info.plist; sourceTree = "<group>"; };
		DA7907ADF53C34B0A115B449 /* Pods-SynchronizedCounter.release.xcconfig */ = {isa = PBXFileReference; includeInIndex = 1; lastKnownFileType = text.xcconfig; name = "Pods-SynchronizedCounter.release.xcconfig"; path = "Pods/Target Support Files/Pods-SynchronizedCounter/Pods-SynchronizedCounter.release.xcconfig"; sourceTree = "<group>"; };
		E68A52D270EB6F43F6B2F403 /* Pods-SynchronizedCounter.debug.xcconfig */ = {isa = PBXFileReference; includeInIndex = 1; lastKnownFileType = text.xcconfig; name = "Pods-SynchronizedCounter.debug.xcconfig"; path = "Pods/Target Support Files/Pods-SynchronizedCounter/Pods-SynchronizedCounter.debug.xcconfig"; sourceTree = "<group>"; };
/* End PBXFileReference section */

/* Begin PBXFrameworksBuildPhase section */
		D99D8EFE1D5E589800E9C279 /* Frameworks */ = {
			isa = PBXFrameworksBuildPhase;
			buildActionMask = 2147483647;
			files = (
				4D25F4378FB88595955EB427 /* libPods-SynchronizedCounter.a in Frameworks */,
			);
			runOnlyForDeploymentPostprocessing = 0;
		};
/* End PBXFrameworksBuildPhase section */

/* Begin PBXGroup section */
		635E4EF2F8D70140ECAA9ECA /* Frameworks */ = {
			isa = PBXGroup;
			children = (
				7CBBE77C14E4DEE067C2119F /* libPods-SynchronizedCounter.a */,
			);
			name = Frameworks;
			sourceTree = "<group>";
		};
		7B8DE39163392D0CA355A564 /* Pods */ = {
			isa = PBXGroup;
			children = (
				E68A52D270EB6F43F6B2F403 /* Pods-SynchronizedCounter.debug.xcconfig */,
				DA7907ADF53C34B0A115B449 /* Pods-SynchronizedCounter.release.xcconfig */,
			);
			name = Pods;
			sourceTree = "<group>";
		};
		D99D8EF81D5E589800E9C279 = {
			isa = PBXGroup;
			children = (
				D99D8F031D5E589800E9C279 /* SynchronizedCounter */,
				D99D8F021D5E589800E9C279 /* Products */,
				7B8DE39163392D0CA355A564 /* Pods */,
				635E4EF2F8D70140ECAA9ECA /* Frameworks */,
			);
			sourceTree = "<group>";
		};
		D99D8F021D5E589800E9C279 /* Products */ = {
			isa = PBXGroup;
			children = (
				D99D8F011D5E589800E9C279 /* SynchronizedCounter.app */,
			);
			name = Products;
			sourceTree = "<group>";
		};
		D99D8F031D5E589800E9C279 /* SynchronizedCounter */ = {
			isa = PBXGroup;
			children = (
				D99D8F071D5E589800E9C279 /* AppDelegate.h */,
				D99D8F081D5E589800E9C279 /* AppDelegate.m */,
				D99D8F0A1D5E589800E9C279 /* ViewController.h */,
				D99D8F0B1D5E589800E9C279 /* ViewController.m */,
				D99D8F0D1D5E589800E9C279 /* Main.storyboard */,
				D99D8F101D5E589800E9C279 /* Assets.xcassets */,
				D99D8F121D5E589800E9C279 /* LaunchScreen.storyboard */,
				D99D8F151D5E589800E9C279 /* Info.plist */,
				D99D8F041D5E589800E9C279 /* Supporting Files */,
			);
			path = SynchronizedCounter;
			sourceTree = "<group>";
		};
		D99D8F041D5E589800E9C279 /* Supporting Files */ = {
			isa = PBXGroup;
			children = (
				D99D8F051D5E589800E9C279 /* main.m */,
			);
			name = "Supporting Files";
			sourceTree = "<group>";
		};
/* End PBXGroup section */

/* Begin PBXNativeTarget section */
		D99D8F001D5E589800E9C279 /* SynchronizedCounter */ = {
			isa = PBXNativeTarget;
			buildConfigurationList = D99D8F181D5E589800E9C279 /* Build configuration list for PBXNativeTarget "SynchronizedCounter" */;
			buildPhases = (
				87F253B74B31D70C368FBAC2 /* [CP] Check Pods Manifest.lock */,
				D99D8EFD1D5E589800E9C279 /* Sources */,
				D99D8EFE1D5E589800E9C279 /* Frameworks */,
				D99D8EFF1D5E589800E9C279 /* Resources */,
				5EBA8E858D03DA0C7E636DE2 /* [CP] Embed Pods Frameworks */,
				89CB50C9C830A4A17AF83AFC /* [CP] Copy Pods Resources */,
			);
			buildRules = (
			);
			dependencies = (
			);
			name = SynchronizedCounter;
			productName = SynchronizedCounter;
			productReference = D99D8F011D5E589800E9C279 /* SynchronizedCounter.app */;
			productType = "com.apple.product-type.application";
		};
/* End PBXNativeTarget section */

/* Begin PBXProject section */
		D99D8EF91D5E589800E9C279 /* Project object */ = {
			isa = PBXProject;
			attributes = {
				LastUpgradeCheck = 0730;
				ORGANIZATIONNAME = "David Ferreira";
				TargetAttributes = {
					D99D8F001D5E589800E9C279 = {
						CreatedOnToolsVersion = 7.3.1;
					};
				};
			};
			buildConfigurationList = D99D8EFC1D5E589800E9C279 /* Build configuration list for PBXProject "SynchronizedCounter" */;
			compatibilityVersion = "Xcode 3.2";
			developmentRegion = English;
			hasScannedForEncodings = 0;
			knownRegions = (
				en,
				Base,
			);
			mainGroup = D99D8EF81D5E589800E9C279;
			productRefGroup = D99D8F021D5E589800E9C279 /* Products */;
			projectDirPath = "";
			projectRoot = "";
			targets = (
				D99D8F001D5E589800E9C279 /* SynchronizedCounter */,
			);
		};
/* End PBXProject section */

/* Begin PBXResourcesBuildPhase section */
		D99D8EFF1D5E589800E9C279 /* Resources */ = {
			isa = PBXResourcesBuildPhase;
			buildActionMask = 2147483647;
			files = (
				D99D8F141D5E589800E9C279 /* LaunchScreen.storyboard in Resources */,
				D99D8F111D5E589800E9C279 /* Assets.xcassets in Resources */,
				D99D8F0F1D5E589800E9C279 /* Main.storyboard in Resources */,
			);
			runOnlyForDeploymentPostprocessing = 0;
		};
/* End PBXResourcesBuildPhase section */

/* Begin PBXShellScriptBuildPhase section */
		5EBA8E858D03DA0C7E636DE2 /* [CP] Embed Pods Frameworks */ = {
			isa = PBXShellScriptBuildPhase;
			buildActionMask = 2147483647;
			files = (
			);
			inputPaths = (
			);
			name = "[CP] Embed Pods Frameworks";
			outputPaths = (
			);
			runOnlyForDeploymentPostprocessing = 0;
			shellPath = /bin/sh;
			shellScript = "\"${SRCROOT}/Pods/Target Support Files/Pods-SynchronizedCounter/Pods-SynchronizedCounter-frameworks.sh\"\n";
			showEnvVarsInLog = 0;
		};
		87F253B74B31D70C368FBAC2 /* [CP] Check Pods Manifest.lock */ = {
			isa = PBXShellScriptBuildPhase;
			buildActionMask = 2147483647;
			files = (
			);
			inputPaths = (
			);
			name = "[CP] Check Pods Manifest.lock";
			outputPaths = (
			);
			runOnlyForDeploymentPostprocessing = 0;
			shellPath = /bin/sh;
			shellScript = "diff \"${PODS_ROOT}/../Podfile.lock\" \"${PODS_ROOT}/Manifest.lock\" > /dev/null\nif [[ $? != 0 ]] ; then\n    cat << EOM\nerror: The sandbox is not in sync with the Podfile.lock. Run 'pod install' or update your CocoaPods installation.\nEOM\n    exit 1\nfi\n";
			showEnvVarsInLog = 0;
		};
		89CB50C9C830A4A17AF83AFC /* [CP] Copy Pods Resources */ = {
			isa = PBXShellScriptBuildPhase;
			buildActionMask = 2147483647;
			files = (
			);
			inputPaths = (
			);
			name = "[CP] Copy Pods Resources";
			outputPaths = (
			);
			runOnlyForDeploymentPostprocessing = 0;
			shellPath = /bin/sh;
			shellScript = "\"${SRCROOT}/Pods/Target Support Files/Pods-SynchronizedCounter/Pods-SynchronizedCounter-resources.sh\"\n";
			showEnvVarsInLog = 0;
		};
/* End PBXShellScriptBuildPhase section */

/* Begin PBXSourcesBuildPhase section */
		D99D8EFD1D5E589800E9C279 /* Sources */ = {
			isa = PBXSourcesBuildPhase;
			buildActionMask = 2147483647;
			files = (
				D99D8F0C1D5E589800E9C279 /* ViewController.m in Sources */,
				D99D8F091D5E589800E9C279 /* AppDelegate.m in Sources */,
				D99D8F061D5E589800E9C279 /* main.m in Sources */,
			);
			runOnlyForDeploymentPostprocessing = 0;
		};
/* End PBXSourcesBuildPhase section */

/* Begin PBXVariantGroup section */
		D99D8F0D1D5E589800E9C279 /* Main.storyboard */ = {
			isa = PBXVariantGroup;
			children = (
				D99D8F0E1D5E589800E9C279 /* Base */,
			);
			name = Main.storyboard;
			sourceTree = "<group>";
		};
		D99D8F121D5E589800E9C279 /* LaunchScreen.storyboard */ = {
			isa = PBXVariantGroup;
			children = (
				D99D8F131D5E589800E9C279 /* Base */,
			);
			name = LaunchScreen.storyboard;
			sourceTree = "<group>";
		};
/* End PBXVariantGroup section */

/* Begin XCBuildConfiguration section */
		D99D8F161D5E589800E9C279 /* Debug */ = {
			isa = XCBuildConfiguration;
			buildSettings = {
				ALWAYS_SEARCH_USER_PATHS = NO;
				CLANG_ANALYZER_NONNULL = YES;
				CLANG_CXX_LANGUAGE_STANDARD = "gnu++0x";
				CLANG_CXX_LIBRARY = "libc++";
				CLANG_ENABLE_MODULES = YES;
				CLANG_ENABLE_OBJC_ARC = YES;
				CLANG_WARN_BOOL_CONVERSION = YES;
				CLANG_WARN_CONSTANT_CONVERSION = YES;
				CLANG_WARN_DIRECT_OBJC_ISA_USAGE = YES_ERROR;
				CLANG_WARN_EMPTY_BODY = YES;
				CLANG_WARN_ENUM_CONVERSION = YES;
				CLANG_WARN_INT_CONVERSION = YES;
				CLANG_WARN_OBJC_ROOT_CLASS = YES_ERROR;
				CLANG_WARN_UNREACHABLE_CODE = YES;
				CLANG_WARN__DUPLICATE_METHOD_MATCH = YES;
				"CODE_SIGN_IDENTITY[sdk=iphoneos*]" = "iPhone Developer";
				COPY_PHASE_STRIP = NO;
				DEBUG_INFORMATION_FORMAT = dwarf;
				ENABLE_STRICT_OBJC_MSGSEND = YES;
				ENABLE_TESTABILITY = YES;
				GCC_C_LANGUAGE_STANDARD = gnu99;
				GCC_DYNAMIC_NO_PIC = NO;
				GCC_NO_COMMON_BLOCKS = YES;
				GCC_OPTIMIZATION_LEVEL = 0;
				GCC_PREPROCESSOR_DEFINITIONS = (
					"DEBUG=1",
					"$(inherited)",
				);
				GCC_WARN_64_TO_32_BIT_CONVERSION = YES;
				GCC_WARN_ABOUT_RETURN_TYPE = YES_ERROR;
				GCC_WARN_UNDECLARED_SELECTOR = YES;
				GCC_WARN_UNINITIALIZED_AUTOS = YES_AGGRESSIVE;
				GCC_WARN_UNUSED_FUNCTION = YES;
				GCC_WARN_UNUSED_VARIABLE = YES;
				IPHONEOS_DEPLOYMENT_TARGET = 9.3;
				MTL_ENABLE_DEBUG_INFO = YES;
				ONLY_ACTIVE_ARCH = YES;
				SDKROOT = iphoneos;
				TARGETED_DEVICE_FAMILY = "1,2";
			};
			name = Debug;
		};
		D99D8F171D5E589800E9C279 /* Release */ = {
			isa = XCBuildConfiguration;
			buildSettings = {
				ALWAYS_SEARCH_USER_PATHS = NO;
				CLANG_ANALYZER_NONNULL = YES;
				CLANG_CXX_LANGUAGE_STANDARD = "gnu++0x";
				CLANG_CXX_LIBRARY = "libc++";
				CLANG_ENABLE_MODULES = YES;
				CLANG_ENABLE_OBJC_ARC = YES;
				CLANG_WARN_BOOL_CONVERSION = YES;
				CLANG_WARN_CONSTANT_CONVERSION = YES;
				CLANG_WARN_DIRECT_OBJC_ISA_USAGE = YES_ERROR;
				CLANG_WARN_EMPTY_BODY = YES;
				CLANG_WARN_ENUM_CONVERSION = YES;
				CLANG_WARN_INT_CONVERSION = YES;
				CLANG_WARN_OBJC_ROOT_CLASS = YES_ERROR;
				CLANG_WARN_UNREACHABLE_CODE = YES;
				CLANG_WARN__DUPLICATE_METHOD_MATCH = YES;
				"CODE_SIGN_IDENTITY[sdk=iphoneos*]" = "iPhone Developer";
				COPY_PHASE_STRIP = NO;
				DEBUG_INFORMATION_FORMAT = "dwarf-with-dsym";
				ENABLE_NS_ASSERTIONS = NO;
				ENABLE_STRICT_OBJC_MSGSEND = YES;
				GCC_C_LANGUAGE_STANDARD = gnu99;
				GCC_NO_COMMON_BLOCKS = YES;
				GCC_WARN_64_TO_32_BIT_CONVERSION = YES;
				GCC_WARN_ABOUT_RETURN_TYPE = YES_ERROR;
				GCC_WARN_UNDECLARED_SELECTOR = YES;
				GCC_WARN_UNINITIALIZED_AUTOS = YES_AGGRESSIVE;
				GCC_WARN_UNUSED_FUNCTION = YES;
				GCC_WARN_UNUSED_VARIABLE = YES;
				IPHONEOS_DEPLOYMENT_TARGET = 9.3;
				MTL_ENABLE_DEBUG_INFO = NO;
				SDKROOT = iphoneos;
				TARGETED_DEVICE_FAMILY = "1,2";
				VALIDATE_PRODUCT = YES;
			};
			name = Release;
		};
		D99D8F191D5E589800E9C279 /* Debug */ = {
			isa = XCBuildConfiguration;
			baseConfigurationReference = E68A52D270EB6F43F6B2F403 /* Pods-SynchronizedCounter.debug.xcconfig */;
			buildSettings = {
				ASSETCATALOG_COMPILER_APPICON_NAME = AppIcon;
				INFOPLIST_FILE = SynchronizedCounter/Info.plist;
				LD_RUNPATH_SEARCH_PATHS = "$(inherited) @executable_path/Frameworks";
				PRODUCT_BUNDLE_IDENTIFIER = company.SynchronizedCounter;
				PRODUCT_NAME = "$(TARGET_NAME)";
			};
			name = Debug;
		};
		D99D8F1A1D5E589800E9C279 /* Release */ = {
			isa = XCBuildConfiguration;
			baseConfigurationReference = DA7907ADF53C34B0A115B449 /* Pods-SynchronizedCounter.release.xcconfig */;
			buildSettings = {
				ASSETCATALOG_COMPILER_APPICON_NAME = AppIcon;
				INFOPLIST_FILE = SynchronizedCounter/Info.plist;
				LD_RUNPATH_SEARCH_PATHS = "$(inherited) @executable_path/Frameworks";
				PRODUCT_BUNDLE_IDENTIFIER = company.SynchronizedCounter;
				PRODUCT_NAME = "$(TARGET_NAME)";
			};
			name = Release;
		};
/* End XCBuildConfiguration section */

/* Begin XCConfigurationList section */
		D99D8EFC1D5E589800E9C279 /* Build configuration list for PBXProject "SynchronizedCounter" */ = {
			isa = XCConfigurationList;
			buildConfigurations = (
				D99D8F161D5E589800E9C279 /* Debug */,
				D99D8F171D5E589800E9C279 /* Release */,
			);
			defaultConfigurationIsVisible = 0;
			defaultConfigurationName = Release;
		};
		D99D8F181D5E589800E9C279 /* Build configuration list for PBXNativeTarget "SynchronizedCounter" */ = {
			isa = XCConfigurationList;
			buildConfigurations = (
				D99D8F191D5E589800E9C279 /* Debug */,
				D99D8F1A1D5E589800E9C279 /* Release */,
			);
			defaultConfigurationIsVisible = 0;
			defaultConfigurationName = Release;
		};
/* End XCConfigurationList section */
	};
	rootObject = D99D8EF91D5E589800E9C279 /* Project object */;
}
